{
  "object": {
    "pins": [
      {
        "package": "WWPrint",
        "repositoryURL": "https://github.com/William-Weng/WWPrint",
        "state": {
          "branch": null,
          "revision": "e4ad2863717465f224aa676f10a3a7ff1df58f7c",
          "version": "1.0.0"
        }
      },
      {
        "package": "WWProgressView",
        "repositoryURL": "/Users/william/Desktop/WWProgressView",
        "state": {
          "branch": null,
          "revision": "db711a99769bb0554d1203301ace7557d82dbabc",
          "version": "1.0.3"
        }
      }
    ]
  },
  "version": 1
}
