{
  "originHash" : "1e278f4f20511c5fefc2e0e20e0ab3d73c3dd96309a12533f6722479cf52f9a9",
  "pins" : [
    {
      "identity" : "wwprogressview",
      "kind" : "remoteSourceControl",
      "location" : "https://github.com/William-Weng/WWProgressView",
      "state" : {
        "revision" : "4db13add4d580cfc614c8214132a4f4ead586232",
        "version" : "1.1.1"
      }
    }
  ],
  "version" : 3
}
