{
  "object": {
    "pins": [
      {
        "package": "WWPrint",
        "repositoryURL": "https://github.com/William-Weng/WWPrint",
        "state": {
          "branch": null,
          "revision": "e4ad2863717465f224aa676f10a3a7ff1df58f7c",
          "version": "1.0.0"
        }
      },
      {
        "package": "WWProgressView",
        "repositoryURL": "https://github.com/William-Weng/WWProgressView.git",
        "state": {
          "branch": "main",
          "revision": "55ad6bdd0b789324a2c5d7cca3368c47e741e3ef",
          "version": null
        }
      }
    ]
  },
  "version": 1
}
